
Microsoft Visual Studio Solution File, Format Version 12.00
# Visual Studio Version 17
VisualStudioVersion = 17.3.32901.215
MinimumVisualStudioVersion = 10.0.40219.1
Project("{FAE04EC0-301F-11D3-BF4B-00C04F79EFBC}") = "metotlars_1575", "metotlars_1575\metotlars_1575.csproj", "{C7CF5618-71A7-432F-BAC0-95686A57DF5A}"
EndProject
Global
	GlobalSection(SolutionConfigurationPlatforms) = preSolution
		Debug|Any CPU = Debug|Any CPU
		Release|Any CPU = Release|Any CPU
	EndGlobalSection
	GlobalSection(ProjectConfigurationPlatforms) = postSolution
		{C7CF5618-71A7-432F-BAC0-95686A57DF5A}.Debug|Any CPU.ActiveCfg = Debug|Any CPU
		{C7CF5618-71A7-432F-BAC0-95686A57DF5A}.Debug|Any CPU.Build.0 = Debug|Any CPU
		{C7CF5618-71A7-432F-BAC0-95686A57DF5A}.Release|Any CPU.ActiveCfg = Release|Any CPU
		{C7CF5618-71A7-432F-BAC0-95686A57DF5A}.Release|Any CPU.Build.0 = Release|Any CPU
	EndGlobalSection
	GlobalSection(SolutionProperties) = preSolution
		HideSolutionNode = FALSE
	EndGlobalSection
	GlobalSection(ExtensibilityGlobals) = postSolution
		SolutionGuid = {B7A286CD-1B09-4BEC-AA19-AA8301C8AD29}
	EndGlobalSection
EndGlobal
